PODS:
  - composeApp (1.0):
    - WebRTC-SDK (= 125.6422.07)
  - WebRTC-SDK (125.6422.07)

DEPENDENCIES:
  - composeApp (from `../demo/composeApp`)

SPEC REPOS:
  trunk:
    - WebRTC-SDK

EXTERNAL SOURCES:
  composeApp:
    :path: "../demo/composeApp"

SPEC CHECKSUMS:
  composeApp: 36aa5f534d39aa9b2e4cf9c8885c946d6c08dc7e
  WebRTC-SDK: dff00a3892bc570b6014e046297782084071657e

PODFILE CHECKSUM: 57dad0f4e232dd85136a1b0efe9726c0c6209070

COCOAPODS: 1.16.2
